{
  "pins" : [
    {
      "identity" : "analytics-swift",
      "kind" : "remoteSourceControl",
      "location" : "https://github.com/segmentio/analytics-swift.git",
      "state" : {
        "revision" : "f604cef21bb7269f76136c68bd664c6c993f8e28",
        "version" : "1.9.1"
      }
    },
    {
      "identity" : "jsonsafeencoding-swift",
      "kind" : "remoteSourceControl",
      "location" : "https://github.com/segmentio/jsonsafeencoding-swift.git",
      "state" : {
        "revision" : "af6a8b360984085e36c6341b21ecb35c12f47ebd",
        "version" : "2.0.0"
      }
    },
    {
      "identity" : "sovran-swift",
      "kind" : "remoteSourceControl",
      "location" : "https://github.com/segmentio/sovran-swift.git",
      "state" : {
        "revision" : "24867f3e4ac62027db9827112135e6531b6f4051",
        "version" : "1.1.2"
      }
    },
    {
      "identity" : "substrata-swift",
      "kind" : "remoteSourceControl",
      "location" : "https://github.com/segmentio/substrata-swift.git",
      "state" : {
        "revision" : "293df9d9ad5339bf24abaf9525518c5019a061b7",
        "version" : "2.1.0"
      }
    }
  ],
  "version" : 2
}
