{
  "pins" : [
    {
      "identity" : "analytics-swift",
      "kind" : "remoteSourceControl",
      "location" : "https://github.com/segmentio/analytics-swift.git",
      "state" : {
        "revision" : "51f56b972de8daee251f18fd2c91fa3a33c8d77e",
        "version" : "1.5.2"
      }
    },
    {
      "identity" : "jsonsafeencoder-swift",
      "kind" : "remoteSourceControl",
      "location" : "https://github.com/segmentio/jsonsafeencoder-swift.git",
      "state" : {
        "revision" : "8b70dc8c01b7b041912e30e29d2b488a43f782ac",
        "version" : "1.0.1"
      }
    },
    {
      "identity" : "sovran-swift",
      "kind" : "remoteSourceControl",
      "location" : "https://github.com/segmentio/Sovran-Swift.git",
      "state" : {
        "revision" : "64f3b5150c282a34af4578188dce2fd597e600e3",
        "version" : "1.1.0"
      }
    },
    {
      "identity" : "substrata-swift",
      "kind" : "remoteSourceControl",
      "location" : "https://github.com/segmentio/substrata-swift.git",
      "state" : {
        "branch" : "replace-reentrant-queue",
        "revision" : "35d7991328d16a8a2207211bfcb3b39787febd4a"
      }
    }
  ],
  "version" : 2
}
