{
  "object": {
    "pins": [
      {
        "package": "Segment",
        "repositoryURL": "git@github.com:segmentio/analytics-swift.git",
        "state": {
          "branch": null,
          "revision": "c8fd5fdf59299f00b3e4303a1b12a6d88893bf56",
          "version": "1.4.7"
        }
      },
      {
        "package": "Sovran",
        "repositoryURL": "https://github.com/segmentio/Sovran-Swift.git",
        "state": {
          "branch": null,
          "revision": "64f3b5150c282a34af4578188dce2fd597e600e3",
          "version": "1.1.0"
        }
      },
      {
        "package": "Substrata",
        "repositoryURL": "git@github.com:segmentio/substrata-swift.git",
        "state": {
          "branch": null,
          "revision": "a673d773d0a6dab86a31cadcb771b45022e0c5ac",
          "version": "0.0.2"
        }
      }
    ]
  },
  "version": 1
}
