{
  "object": {
    "pins": [
      {
        "package": "Segment",
        "repositoryURL": "git@github.com:segmentio/analytics-swift.git",
        "state": {
          "branch": null,
          "revision": "8ae3136bffaa139a690e7841bf63143605041540",
          "version": "1.3.0"
        }
      },
      {
        "package": "Sovran",
        "repositoryURL": "https://github.com/segmentio/Sovran-Swift.git",
        "state": {
          "branch": null,
          "revision": "944c17d7c46bd95fc37f09136cabd172be5b413b",
          "version": "1.0.3"
        }
      },
      {
        "package": "Substrata",
        "repositoryURL": "git@github.com:segmentio/substrata-swift.git",
        "state": {
          "branch": "main",
          "revision": "b290c3ceb5e0a88364d0b2ab795e90fb6b3f8eb5",
          "version": null
        }
      }
    ]
  },
  "version": 1
}
